# This file is automatically @generated by Cargo.
# It is not intended for manual editing.
version = 4

[[package]]
name = "collection_factory_contract"
version = "0.1.0"

[[package]]
name = "marketplace_settlement"
version = "0.1.0"

[[package]]
name = "nft_contract"
version = "0.1.0"

[[package]]
name = "transaction_contract"
version = "0.1.0"
